<?xml version="1.0" encoding="utf-8"?>
<Project ToolsVersion="4.0" xmlns="http://schemas.microsoft.com/developer/msbuild/2003">
  <ItemGroup>
    <ClCompile Include="..\..\Don%27tFuckUp\Don%27tFuckUp\ActiveGameObject.cpp" />
    <ClCompile Include="..\..\Don%27tFuckUp\Don%27tFuckUp\DDRClone.cpp" />
    <ClCompile Include="..\..\Don%27tFuckUp\Don%27tFuckUp\DoorMinigame.cpp" />
    <ClCompile Include="..\..\Don%27tFuckUp\Don%27tFuckUp\Game - Copy.cpp" />
    <ClCompile Include="..\..\Don%27tFuckUp\Don%27tFuckUp\Game.cpp" />
    <ClCompile Include="..\..\Don%27tFuckUp\Don%27tFuckUp\GameObject.cpp" />
    <ClCompile Include="..\..\Don%27tFuckUp\Don%27tFuckUp\Main.cpp" />
    <ClCompile Include="..\..\Don%27tFuckUp\Don%27tFuckUp\Mash.cpp" />
    <ClCompile Include="..\..\Don%27tFuckUp\Don%27tFuckUp\MyVec2.cpp" />
    <ClCompile Include="..\..\Don%27tFuckUp\Don%27tFuckUp\Scene.cpp" />
    <ClCompile Include="..\..\Don%27tFuckUp\Don%27tFuckUp\SceneManager.cpp" />
    <ClCompile Include="..\..\Don%27tFuckUp\Don%27tFuckUp\StaticObject.cpp" />
    <ClCompile Include="..\..\Don%27tFuckUp\Don%27tFuckUp\ButtonObject.cpp" />
  </ItemGroup>
  <ItemGroup>
    <ClInclude Include="..\..\Don%27tFuckUp\Don%27tFuckUp\ActiveGameObject.h" />
    <ClInclude Include="..\..\Don%27tFuckUp\Don%27tFuckUp\DDRClone.h" />
    <ClInclude Include="..\..\Don%27tFuckUp\Don%27tFuckUp\DoorMinigame.h" />
    <ClInclude Include="..\..\Don%27tFuckUp\Don%27tFuckUp\Game - Copy.h" />
    <ClInclude Include="..\..\Don%27tFuckUp\Don%27tFuckUp\Game.h" />
    <ClInclude Include="..\..\Don%27tFuckUp\Don%27tFuckUp\GameObject.h" />
    <ClInclude Include="..\..\Don%27tFuckUp\Don%27tFuckUp\Mash.h" />
    <ClInclude Include="..\..\Don%27tFuckUp\Don%27tFuckUp\MyVec2.h" />
    <ClInclude Include="..\..\Don%27tFuckUp\Don%27tFuckUp\Scene.h" />
    <ClInclude Include="..\..\Don%27tFuckUp\Don%27tFuckUp\SceneManager.h" />
    <ClInclude Include="..\..\Don%27tFuckUp\Don%27tFuckUp\StaticObject.h" />
    <ClInclude Include="..\..\Don%27tFuckUp\Don%27tFuckUp\ButtonObject.h" />
  </ItemGroup>
</Project>